// !$*UTF8*$!
{
	archiveVersion = 1;
	classes = {
	};
	objectVersion = 46;
	objects = {

/* Begin PBXBuildFile section */
		566667BC1B4DC772008CF76D /* AppDelegate.swift in Sources */ = {isa = PBXBuildFile; fileRef = 566667BB1B4DC772008CF76D /* AppDelegate.swift */; };
		566667BE1B4DC772008CF76D /* ViewController.swift in Sources */ = {isa = PBXBuildFile; fileRef = 566667BD1B4DC772008CF76D /* ViewController.swift */; };
		566667C11B4DC772008CF76D /* Main.storyboard in Resources */ = {isa = PBXBuildFile; fileRef = 566667BF1B4DC772008CF76D /* Main.storyboard */; };
		566667C31B4DC772008CF76D /* Images.xcassets in Resources */ = {isa = PBXBuildFile; fileRef = 566667C21B4DC772008CF76D /* Images.xcassets */; };
		566667C61B4DC772008CF76D /* LaunchScreen.xib in Resources */ = {isa = PBXBuildFile; fileRef = 566667C41B4DC772008CF76D /* LaunchScreen.xib */; };
		566667D21B4DC773008CF76D /* dictionary_appTests.swift in Sources */ = {isa = PBXBuildFile; fileRef = 566667D11B4DC773008CF76D /* dictionary_appTests.swift */; };
/* End PBXBuildFile section */

/* Begin PBXContainerItemProxy section */
		566667CC1B4DC773008CF76D /* PBXContainerItemProxy */ = {
			isa = PBXContainerItemProxy;
			containerPortal = 566667AE1B4DC772008CF76D /* Project object */;
			proxyType = 1;
			remoteGlobalIDString = 566667B51B4DC772008CF76D;
			remoteInfo = "dictionary app";
		};
/* End PBXContainerItemProxy section */

/* Begin PBXFileReference section */
		566667B61B4DC772008CF76D /* dictionary app.app */ = {isa = PBXFileReference; explicitFileType = wrapper.application; includeInIndex = 0; path = "dictionary app.app"; sourceTree = BUILT_PRODUCTS_DIR; };
		566667BA1B4DC772008CF76D /* Info.plist */ = {isa = PBXFileReference; lastKnownFileType = text.plist.xml; path = Info.plist; sourceTree = "<group>"; };
		566667BB1B4DC772008CF76D /* AppDelegate.swift */ = {isa = PBXFileReference; lastKnownFileType = sourcecode.swift; path = AppDelegate.swift; sourceTree = "<group>"; };
		566667BD1B4DC772008CF76D /* ViewController.swift */ = {isa = PBXFileReference; lastKnownFileType = sourcecode.swift; path = ViewController.swift; sourceTree = "<group>"; };
		566667C01B4DC772008CF76D /* Base */ = {isa = PBXFileReference; lastKnownFileType = file.storyboard; name = Base; path = Base.lproj/Main.storyboard; sourceTree = "<group>"; };
		566667C21B4DC772008CF76D /* Images.xcassets */ = {isa = PBXFileReference; lastKnownFileType = folder.assetcatalog; path = Images.xcassets; sourceTree = "<group>"; };
		566667C51B4DC772008CF76D /* Base */ = {isa = PBXFileReference; lastKnownFileType = file.xib; name = Base; path = Base.lproj/LaunchScreen.xib; sourceTree = "<group>"; };
		566667CB1B4DC773008CF76D /* dictionary appTests.xctest */ = {isa = PBXFileReference; explicitFileType = wrapper.cfbundle; includeInIndex = 0; path = "dictionary appTests.xctest"; sourceTree = BUILT_PRODUCTS_DIR; };
		566667D01B4DC773008CF76D /* Info.plist */ = {isa = PBXFileReference; lastKnownFileType = text.plist.xml; path = Info.plist; sourceTree = "<group>"; };
		566667D11B4DC773008CF76D /* dictionary_appTests.swift */ = {isa = PBXFileReference; lastKnownFileType = sourcecode.swift; path = dictionary_appTests.swift; sourceTree = "<group>"; };
/* End PBXFileReference section */

/* Begin PBXFrameworksBuildPhase section */
		566667B31B4DC772008CF76D /* Frameworks */ = {
			isa = PBXFrameworksBuildPhase;
			buildActionMask = 2147483647;
			files = (
			);
			runOnlyForDeploymentPostprocessing = 0;
		};
		566667C81B4DC773008CF76D /* Frameworks */ = {
			isa = PBXFrameworksBuildPhase;
			buildActionMask = 2147483647;
			files = (
			);
			runOnlyForDeploymentPostprocessing = 0;
		};
/* End PBXFrameworksBuildPhase section */

/* Begin PBXGroup section */
		566667AD1B4DC771008CF76D = {
			isa = PBXGroup;
			children = (
				566667B81B4DC772008CF76D /* dictionary app */,
				566667CE1B4DC773008CF76D /* dictionary appTests */,
				566667B71B4DC772008CF76D /* Products */,
			);
			sourceTree = "<group>";
		};
		566667B71B4DC772008CF76D /* Products */ = {
			isa = PBXGroup;
			children = (
				566667B61B4DC772008CF76D /* dictionary app.app */,
				566667CB1B4DC773008CF76D /* dictionary appTests.xctest */,
			);
			name = Products;
			sourceTree = "<group>";
		};
		566667B81B4DC772008CF76D /* dictionary app */ = {
			isa = PBXGroup;
			children = (
				566667BB1B4DC772008CF76D /* AppDelegate.swift */,
				566667BD1B4DC772008CF76D /* ViewController.swift */,
				566667BF1B4DC772008CF76D /* Main.storyboard */,
				566667C21B4DC772008CF76D /* Images.xcassets */,
				566667C41B4DC772008CF76D /* LaunchScreen.xib */,
				566667B91B4DC772008CF76D /* Supporting Files */,
			);
			path = "dictionary app";
			sourceTree = "<group>";
		};
		566667B91B4DC772008CF76D /* Supporting Files */ = {
			isa = PBXGroup;
			children = (
				566667BA1B4DC772008CF76D /* Info.plist */,
			);
			name = "Supporting Files";
			sourceTree = "<group>";
		};
		566667CE1B4DC773008CF76D /* dictionary appTests */ = {
			isa = PBXGroup;
			children = (
				566667D11B4DC773008CF76D /* dictionary_appTests.swift */,
				566667CF1B4DC773008CF76D /* Supporting Files */,
			);
			path = "dictionary appTests";
			sourceTree = "<group>";
		};
		566667CF1B4DC773008CF76D /* Supporting Files */ = {
			isa = PBXGroup;
			children = (
				566667D01B4DC773008CF76D /* Info.plist */,
			);
			name = "Supporting Files";
			sourceTree = "<group>";
		};
/* End PBXGroup section */

/* Begin PBXNativeTarget section */
		566667B51B4DC772008CF76D /* dictionary app */ = {
			isa = PBXNativeTarget;
			buildConfigurationList = 566667D51B4DC773008CF76D /* Build configuration list for PBXNativeTarget "dictionary app" */;
			buildPhases = (
				566667B21B4DC772008CF76D /* Sources */,
				566667B31B4DC772008CF76D /* Frameworks */,
				566667B41B4DC772008CF76D /* Resources */,
			);
			buildRules = (
			);
			dependencies = (
			);
			name = "dictionary app";
			productName = "dictionary app";
			productReference = 566667B61B4DC772008CF76D /* dictionary app.app */;
			productType = "com.apple.product-type.application";
		};
		566667CA1B4DC773008CF76D /* dictionary appTests */ = {
			isa = PBXNativeTarget;
			buildConfigurationList = 566667D81B4DC773008CF76D /* Build configuration list for PBXNativeTarget "dictionary appTests" */;
			buildPhases = (
				566667C71B4DC773008CF76D /* Sources */,
				566667C81B4DC773008CF76D /* Frameworks */,
				566667C91B4DC773008CF76D /* Resources */,
			);
			buildRules = (
			);
			dependencies = (
				566667CD1B4DC773008CF76D /* PBXTargetDependency */,
			);
			name = "dictionary appTests";
			productName = "dictionary appTests";
			productReference = 566667CB1B4DC773008CF76D /* dictionary appTests.xctest */;
			productType = "com.apple.product-type.bundle.unit-test";
		};
/* End PBXNativeTarget section */

/* Begin PBXProject section */
		566667AE1B4DC772008CF76D /* Project object */ = {
			isa = PBXProject;
			attributes = {
				LastUpgradeCheck = 0640;
				ORGANIZATIONNAME = sourceapps;
				TargetAttributes = {
					566667B51B4DC772008CF76D = {
						CreatedOnToolsVersion = 6.4;
					};
					566667CA1B4DC773008CF76D = {
						CreatedOnToolsVersion = 6.4;
						TestTargetID = 566667B51B4DC772008CF76D;
					};
				};
			};
			buildConfigurationList = 566667B11B4DC772008CF76D /* Build configuration list for PBXProject "dictionary app" */;
			compatibilityVersion = "Xcode 3.2";
			developmentRegion = English;
			hasScannedForEncodings = 0;
			knownRegions = (
				en,
				Base,
			);
			mainGroup = 566667AD1B4DC771008CF76D;
			productRefGroup = 566667B71B4DC772008CF76D /* Products */;
			projectDirPath = "";
			projectRoot = "";
			targets = (
				566667B51B4DC772008CF76D /* dictionary app */,
				566667CA1B4DC773008CF76D /* dictionary appTests */,
			);
		};
/* End PBXProject section */

/* Begin PBXResourcesBuildPhase section */
		566667B41B4DC772008CF76D /* Resources */ = {
			isa = PBXResourcesBuildPhase;
			buildActionMask = 2147483647;
			files = (
				566667C11B4DC772008CF76D /* Main.storyboard in Resources */,
				566667C61B4DC772008CF76D /* LaunchScreen.xib in Resources */,
				566667C31B4DC772008CF76D /* Images.xcassets in Resources */,
			);
			runOnlyForDeploymentPostprocessing = 0;
		};
		566667C91B4DC773008CF76D /* Resources */ = {
			isa = PBXResourcesBuildPhase;
			buildActionMask = 2147483647;
			files = (
			);
			runOnlyForDeploymentPostprocessing = 0;
		};
/* End PBXResourcesBuildPhase section */

/* Begin PBXSourcesBuildPhase section */
		566667B21B4DC772008CF76D /* Sources */ = {
			isa = PBXSourcesBuildPhase;
			buildActionMask = 2147483647;
			files = (
				566667BE1B4DC772008CF76D /* ViewController.swift in Sources */,
				566667BC1B4DC772008CF76D /* AppDelegate.swift in Sources */,
			);
			runOnlyForDeploymentPostprocessing = 0;
		};
		566667C71B4DC773008CF76D /* Sources */ = {
			isa = PBXSourcesBuildPhase;
			buildActionMask = 2147483647;
			files = (
				566667D21B4DC773008CF76D /* dictionary_appTests.swift in Sources */,
			);
			runOnlyForDeploymentPostprocessing = 0;
		};
/* End PBXSourcesBuildPhase section */

/* Begin PBXTargetDependency section */
		566667CD1B4DC773008CF76D /* PBXTargetDependency */ = {
			isa = PBXTargetDependency;
			target = 566667B51B4DC772008CF76D /* dictionary app */;
			targetProxy = 566667CC1B4DC773008CF76D /* PBXContainerItemProxy */;
		};
/* End PBXTargetDependency section */

/* Begin PBXVariantGroup section */
		566667BF1B4DC772008CF76D /* Main.storyboard */ = {
			isa = PBXVariantGroup;
			children = (
				566667C01B4DC772008CF76D /* Base */,
			);
			name = Main.storyboard;
			sourceTree = "<group>";
		};
		566667C41B4DC772008CF76D /* LaunchScreen.xib */ = {
			isa = PBXVariantGroup;
			children = (
				566667C51B4DC772008CF76D /* Base */,
			);
			name = LaunchScreen.xib;
			sourceTree = "<group>";
		};
/* End PBXVariantGroup section */

/* Begin XCBuildConfiguration section */
		566667D31B4DC773008CF76D /* Debug */ = {
			isa = XCBuildConfiguration;
			buildSettings = {
				ALWAYS_SEARCH_USER_PATHS = NO;
				CLANG_CXX_LANGUAGE_STANDARD = "gnu++0x";
				CLANG_CXX_LIBRARY = "libc++";
				CLANG_ENABLE_MODULES = YES;
				CLANG_ENABLE_OBJC_ARC = YES;
				CLANG_WARN_BOOL_CONVERSION = YES;
				CLANG_WARN_CONSTANT_CONVERSION = YES;
				CLANG_WARN_DIRECT_OBJC_ISA_USAGE = YES_ERROR;
				CLANG_WARN_EMPTY_BODY = YES;
				CLANG_WARN_ENUM_CONVERSION = YES;
				CLANG_WARN_INT_CONVERSION = YES;
				CLANG_WARN_OBJC_ROOT_CLASS = YES_ERROR;
				CLANG_WARN_UNREACHABLE_CODE = YES;
				CLANG_WARN__DUPLICATE_METHOD_MATCH = YES;
				"CODE_SIGN_IDENTITY[sdk=iphoneos*]" = "iPhone Developer";
				COPY_PHASE_STRIP = NO;
				DEBUG_INFORMATION_FORMAT = "dwarf-with-dsym";
				ENABLE_STRICT_OBJC_MSGSEND = YES;
				GCC_C_LANGUAGE_STANDARD = gnu99;
				GCC_DYNAMIC_NO_PIC = NO;
				GCC_NO_COMMON_BLOCKS = YES;
				GCC_OPTIMIZATION_LEVEL = 0;
				GCC_PREPROCESSOR_DEFINITIONS = (
					"DEBUG=1",
					"$(inherited)",
				);
				GCC_SYMBOLS_PRIVATE_EXTERN = NO;
				GCC_WARN_64_TO_32_BIT_CONVERSION = YES;
				GCC_WARN_ABOUT_RETURN_TYPE = YES_ERROR;
				GCC_WARN_UNDECLARED_SELECTOR = YES;
				GCC_WARN_UNINITIALIZED_AUTOS = YES_AGGRESSIVE;
				GCC_WARN_UNUSED_FUNCTION = YES;
				GCC_WARN_UNUSED_VARIABLE = YES;
				IPHONEOS_DEPLOYMENT_TARGET = 8.4;
				MTL_ENABLE_DEBUG_INFO = YES;
				ONLY_ACTIVE_ARCH = YES;
				SDKROOT = iphoneos;
				SWIFT_OPTIMIZATION_LEVEL = "-Onone";
			};
			name = Debug;
		};
		566667D41B4DC773008CF76D /* Release */ = {
			isa = XCBuildConfiguration;
			buildSettings = {
				ALWAYS_SEARCH_USER_PATHS = NO;
				CLANG_CXX_LANGUAGE_STANDARD = "gnu++0x";
				CLANG_CXX_LIBRARY = "libc++";
				CLANG_ENABLE_MODULES = YES;
				CLANG_ENABLE_OBJC_ARC = YES;
				CLANG_WARN_BOOL_CONVERSION = YES;
				CLANG_WARN_CONSTANT_CONVERSION = YES;
				CLANG_WARN_DIRECT_OBJC_ISA_USAGE = YES_ERROR;
				CLANG_WARN_EMPTY_BODY = YES;
				CLANG_WARN_ENUM_CONVERSION = YES;
				CLANG_WARN_INT_CONVERSION = YES;
				CLANG_WARN_OBJC_ROOT_CLASS = YES_ERROR;
				CLANG_WARN_UNREACHABLE_CODE = YES;
				CLANG_WARN__DUPLICATE_METHOD_MATCH = YES;
				"CODE_SIGN_IDENTITY[sdk=iphoneos*]" = "iPhone Developer";
				COPY_PHASE_STRIP = NO;
				DEBUG_INFORMATION_FORMAT = "dwarf-with-dsym";
				ENABLE_NS_ASSERTIONS = NO;
				ENABLE_STRICT_OBJC_MSGSEND = YES;
				GCC_C_LANGUAGE_STANDARD = gnu99;
				GCC_NO_COMMON_BLOCKS = YES;
				GCC_WARN_64_TO_32_BIT_CONVERSION = YES;
				GCC_WARN_ABOUT_RETURN_TYPE = YES_ERROR;
				GCC_WARN_UNDECLARED_SELECTOR = YES;
				GCC_WARN_UNINITIALIZED_AUTOS = YES_AGGRESSIVE;
				GCC_WARN_UNUSED_FUNCTION = YES;
				GCC_WARN_UNUSED_VARIABLE = YES;
				IPHONEOS_DEPLOYMENT_TARGET = 8.4;
				MTL_ENABLE_DEBUG_INFO = NO;
				SDKROOT = iphoneos;
				VALIDATE_PRODUCT = YES;
			};
			name = Release;
		};
		566667D61B4DC773008CF76D /* Debug */ = {
			isa = XCBuildConfiguration;
			buildSettings = {
				ASSETCATALOG_COMPILER_APPICON_NAME = AppIcon;
				INFOPLIST_FILE = "dictionary app/Info.plist";
				LD_RUNPATH_SEARCH_PATHS = "$(inherited) @executable_path/Frameworks";
				PRODUCT_NAME = "$(TARGET_NAME)";
			};
			name = Debug;
		};
		566667D71B4DC773008CF76D /* Release */ = {
			isa = XCBuildConfiguration;
			buildSettings = {
				ASSETCATALOG_COMPILER_APPICON_NAME = AppIcon;
				INFOPLIST_FILE = "dictionary app/Info.plist";
				LD_RUNPATH_SEARCH_PATHS = "$(inherited) @executable_path/Frameworks";
				PRODUCT_NAME = "$(TARGET_NAME)";
			};
			name = Release;
		};
		566667D91B4DC773008CF76D /* Debug */ = {
			isa = XCBuildConfiguration;
			buildSettings = {
				BUNDLE_LOADER = "$(TEST_HOST)";
				FRAMEWORK_SEARCH_PATHS = (
					"$(SDKROOT)/Developer/Library/Frameworks",
					"$(inherited)",
				);
				GCC_PREPROCESSOR_DEFINITIONS = (
					"DEBUG=1",
					"$(inherited)",
				);
				INFOPLIST_FILE = "dictionary appTests/Info.plist";
				LD_RUNPATH_SEARCH_PATHS = "$(inherited) @executable_path/Frameworks @loader_path/Frameworks";
				PRODUCT_NAME = "$(TARGET_NAME)";
				TEST_HOST = "$(BUILT_PRODUCTS_DIR)/dictionary app.app/dictionary app";
			};
			name = Debug;
		};
		566667DA1B4DC773008CF76D /* Release */ = {
			isa = XCBuildConfiguration;
			buildSettings = {
				BUNDLE_LOADER = "$(TEST_HOST)";
				FRAMEWORK_SEARCH_PATHS = (
					"$(SDKROOT)/Developer/Library/Frameworks",
					"$(inherited)",
				);
				INFOPLIST_FILE = "dictionary appTests/Info.plist";
				LD_RUNPATH_SEARCH_PATHS = "$(inherited) @executable_path/Frameworks @loader_path/Frameworks";
				PRODUCT_NAME = "$(TARGET_NAME)";
				TEST_HOST = "$(BUILT_PRODUCTS_DIR)/dictionary app.app/dictionary app";
			};
			name = Release;
		};
/* End XCBuildConfiguration section */

/* Begin XCConfigurationList section */
		566667B11B4DC772008CF76D /* Build configuration list for PBXProject "dictionary app" */ = {
			isa = XCConfigurationList;
			buildConfigurations = (
				566667D31B4DC773008CF76D /* Debug */,
				566667D41B4DC773008CF76D /* Release */,
			);
			defaultConfigurationIsVisible = 0;
			defaultConfigurationName = Release;
		};
		566667D51B4DC773008CF76D /* Build configuration list for PBXNativeTarget "dictionary app" */ = {
			isa = XCConfigurationList;
			buildConfigurations = (
				566667D61B4DC773008CF76D /* Debug */,
				566667D71B4DC773008CF76D /* Release */,
			);
			defaultConfigurationIsVisible = 0;
		};
		566667D81B4DC773008CF76D /* Build configuration list for PBXNativeTarget "dictionary appTests" */ = {
			isa = XCConfigurationList;
			buildConfigurations = (
				566667D91B4DC773008CF76D /* Debug */,
				566667DA1B4DC773008CF76D /* Release */,
			);
			defaultConfigurationIsVisible = 0;
		};
/* End XCConfigurationList section */
	};
	rootObject = 566667AE1B4DC772008CF76D /* Project object */;
}
