// !$*UTF8*$!
{
	archiveVersion = 1;
	classes = {
	};
	objectVersion = 46;
	objects = {

/* Begin PBXBuildFile section */
		56F143871B4B263C00785869 /* AppDelegate.swift in Sources */ = {isa = PBXBuildFile; fileRef = 56F143861B4B263C00785869 /* AppDelegate.swift */; };
		56F143891B4B263C00785869 /* FirstViewController.swift in Sources */ = {isa = PBXBuildFile; fileRef = 56F143881B4B263C00785869 /* FirstViewController.swift */; };
		56F1438B1B4B263C00785869 /* SecondViewController.swift in Sources */ = {isa = PBXBuildFile; fileRef = 56F1438A1B4B263C00785869 /* SecondViewController.swift */; };
		56F1438E1B4B263C00785869 /* Main.storyboard in Resources */ = {isa = PBXBuildFile; fileRef = 56F1438C1B4B263C00785869 /* Main.storyboard */; };
		56F143901B4B263C00785869 /* Images.xcassets in Resources */ = {isa = PBXBuildFile; fileRef = 56F1438F1B4B263C00785869 /* Images.xcassets */; };
		56F143931B4B263C00785869 /* LaunchScreen.xib in Resources */ = {isa = PBXBuildFile; fileRef = 56F143911B4B263C00785869 /* LaunchScreen.xib */; };
		56F1439F1B4B263C00785869 /* To_Do_ListTests.swift in Sources */ = {isa = PBXBuildFile; fileRef = 56F1439E1B4B263C00785869 /* To_Do_ListTests.swift */; };
/* End PBXBuildFile section */

/* Begin PBXContainerItemProxy section */
		56F143991B4B263C00785869 /* PBXContainerItemProxy */ = {
			isa = PBXContainerItemProxy;
			containerPortal = 56F143791B4B263B00785869 /* Project object */;
			proxyType = 1;
			remoteGlobalIDString = 56F143801B4B263C00785869;
			remoteInfo = "To Do List";
		};
/* End PBXContainerItemProxy section */

/* Begin PBXFileReference section */
		56F143811B4B263C00785869 /* To Do List.app */ = {isa = PBXFileReference; explicitFileType = wrapper.application; includeInIndex = 0; path = "To Do List.app"; sourceTree = BUILT_PRODUCTS_DIR; };
		56F143851B4B263C00785869 /* Info.plist */ = {isa = PBXFileReference; lastKnownFileType = text.plist.xml; path = Info.plist; sourceTree = "<group>"; };
		56F143861B4B263C00785869 /* AppDelegate.swift */ = {isa = PBXFileReference; lastKnownFileType = sourcecode.swift; path = AppDelegate.swift; sourceTree = "<group>"; };
		56F143881B4B263C00785869 /* FirstViewController.swift */ = {isa = PBXFileReference; lastKnownFileType = sourcecode.swift; path = FirstViewController.swift; sourceTree = "<group>"; };
		56F1438A1B4B263C00785869 /* SecondViewController.swift */ = {isa = PBXFileReference; lastKnownFileType = sourcecode.swift; path = SecondViewController.swift; sourceTree = "<group>"; };
		56F1438D1B4B263C00785869 /* Base */ = {isa = PBXFileReference; lastKnownFileType = file.storyboard; name = Base; path = Base.lproj/Main.storyboard; sourceTree = "<group>"; };
		56F1438F1B4B263C00785869 /* Images.xcassets */ = {isa = PBXFileReference; lastKnownFileType = folder.assetcatalog; path = Images.xcassets; sourceTree = "<group>"; };
		56F143921B4B263C00785869 /* Base */ = {isa = PBXFileReference; lastKnownFileType = file.xib; name = Base; path = Base.lproj/LaunchScreen.xib; sourceTree = "<group>"; };
		56F143981B4B263C00785869 /* To Do ListTests.xctest */ = {isa = PBXFileReference; explicitFileType = wrapper.cfbundle; includeInIndex = 0; path = "To Do ListTests.xctest"; sourceTree = BUILT_PRODUCTS_DIR; };
		56F1439D1B4B263C00785869 /* Info.plist */ = {isa = PBXFileReference; lastKnownFileType = text.plist.xml; path = Info.plist; sourceTree = "<group>"; };
		56F1439E1B4B263C00785869 /* To_Do_ListTests.swift */ = {isa = PBXFileReference; lastKnownFileType = sourcecode.swift; path = To_Do_ListTests.swift; sourceTree = "<group>"; };
/* End PBXFileReference section */

/* Begin PBXFrameworksBuildPhase section */
		56F1437E1B4B263C00785869 /* Frameworks */ = {
			isa = PBXFrameworksBuildPhase;
			buildActionMask = 2147483647;
			files = (
			);
			runOnlyForDeploymentPostprocessing = 0;
		};
		56F143951B4B263C00785869 /* Frameworks */ = {
			isa = PBXFrameworksBuildPhase;
			buildActionMask = 2147483647;
			files = (
			);
			runOnlyForDeploymentPostprocessing = 0;
		};
/* End PBXFrameworksBuildPhase section */

/* Begin PBXGroup section */
		56F143781B4B263B00785869 = {
			isa = PBXGroup;
			children = (
				56F143831B4B263C00785869 /* To Do List */,
				56F1439B1B4B263C00785869 /* To Do ListTests */,
				56F143821B4B263C00785869 /* Products */,
			);
			sourceTree = "<group>";
		};
		56F143821B4B263C00785869 /* Products */ = {
			isa = PBXGroup;
			children = (
				56F143811B4B263C00785869 /* To Do List.app */,
				56F143981B4B263C00785869 /* To Do ListTests.xctest */,
			);
			name = Products;
			sourceTree = "<group>";
		};
		56F143831B4B263C00785869 /* To Do List */ = {
			isa = PBXGroup;
			children = (
				56F143861B4B263C00785869 /* AppDelegate.swift */,
				56F143881B4B263C00785869 /* FirstViewController.swift */,
				56F1438A1B4B263C00785869 /* SecondViewController.swift */,
				56F1438C1B4B263C00785869 /* Main.storyboard */,
				56F1438F1B4B263C00785869 /* Images.xcassets */,
				56F143911B4B263C00785869 /* LaunchScreen.xib */,
				56F143841B4B263C00785869 /* Supporting Files */,
			);
			path = "To Do List";
			sourceTree = "<group>";
		};
		56F143841B4B263C00785869 /* Supporting Files */ = {
			isa = PBXGroup;
			children = (
				56F143851B4B263C00785869 /* Info.plist */,
			);
			name = "Supporting Files";
			sourceTree = "<group>";
		};
		56F1439B1B4B263C00785869 /* To Do ListTests */ = {
			isa = PBXGroup;
			children = (
				56F1439E1B4B263C00785869 /* To_Do_ListTests.swift */,
				56F1439C1B4B263C00785869 /* Supporting Files */,
			);
			path = "To Do ListTests";
			sourceTree = "<group>";
		};
		56F1439C1B4B263C00785869 /* Supporting Files */ = {
			isa = PBXGroup;
			children = (
				56F1439D1B4B263C00785869 /* Info.plist */,
			);
			name = "Supporting Files";
			sourceTree = "<group>";
		};
/* End PBXGroup section */

/* Begin PBXNativeTarget section */
		56F143801B4B263C00785869 /* To Do List */ = {
			isa = PBXNativeTarget;
			buildConfigurationList = 56F143A21B4B263C00785869 /* Build configuration list for PBXNativeTarget "To Do List" */;
			buildPhases = (
				56F1437D1B4B263C00785869 /* Sources */,
				56F1437E1B4B263C00785869 /* Frameworks */,
				56F1437F1B4B263C00785869 /* Resources */,
			);
			buildRules = (
			);
			dependencies = (
			);
			name = "To Do List";
			productName = "To Do List";
			productReference = 56F143811B4B263C00785869 /* To Do List.app */;
			productType = "com.apple.product-type.application";
		};
		56F143971B4B263C00785869 /* To Do ListTests */ = {
			isa = PBXNativeTarget;
			buildConfigurationList = 56F143A51B4B263C00785869 /* Build configuration list for PBXNativeTarget "To Do ListTests" */;
			buildPhases = (
				56F143941B4B263C00785869 /* Sources */,
				56F143951B4B263C00785869 /* Frameworks */,
				56F143961B4B263C00785869 /* Resources */,
			);
			buildRules = (
			);
			dependencies = (
				56F1439A1B4B263C00785869 /* PBXTargetDependency */,
			);
			name = "To Do ListTests";
			productName = "To Do ListTests";
			productReference = 56F143981B4B263C00785869 /* To Do ListTests.xctest */;
			productType = "com.apple.product-type.bundle.unit-test";
		};
/* End PBXNativeTarget section */

/* Begin PBXProject section */
		56F143791B4B263B00785869 /* Project object */ = {
			isa = PBXProject;
			attributes = {
				LastUpgradeCheck = 0640;
				ORGANIZATIONNAME = sourceapps;
				TargetAttributes = {
					56F143801B4B263C00785869 = {
						CreatedOnToolsVersion = 6.4;
					};
					56F143971B4B263C00785869 = {
						CreatedOnToolsVersion = 6.4;
						TestTargetID = 56F143801B4B263C00785869;
					};
				};
			};
			buildConfigurationList = 56F1437C1B4B263C00785869 /* Build configuration list for PBXProject "To Do List" */;
			compatibilityVersion = "Xcode 3.2";
			developmentRegion = English;
			hasScannedForEncodings = 0;
			knownRegions = (
				en,
				Base,
			);
			mainGroup = 56F143781B4B263B00785869;
			productRefGroup = 56F143821B4B263C00785869 /* Products */;
			projectDirPath = "";
			projectRoot = "";
			targets = (
				56F143801B4B263C00785869 /* To Do List */,
				56F143971B4B263C00785869 /* To Do ListTests */,
			);
		};
/* End PBXProject section */

/* Begin PBXResourcesBuildPhase section */
		56F1437F1B4B263C00785869 /* Resources */ = {
			isa = PBXResourcesBuildPhase;
			buildActionMask = 2147483647;
			files = (
				56F1438E1B4B263C00785869 /* Main.storyboard in Resources */,
				56F143931B4B263C00785869 /* LaunchScreen.xib in Resources */,
				56F143901B4B263C00785869 /* Images.xcassets in Resources */,
			);
			runOnlyForDeploymentPostprocessing = 0;
		};
		56F143961B4B263C00785869 /* Resources */ = {
			isa = PBXResourcesBuildPhase;
			buildActionMask = 2147483647;
			files = (
			);
			runOnlyForDeploymentPostprocessing = 0;
		};
/* End PBXResourcesBuildPhase section */

/* Begin PBXSourcesBuildPhase section */
		56F1437D1B4B263C00785869 /* Sources */ = {
			isa = PBXSourcesBuildPhase;
			buildActionMask = 2147483647;
			files = (
				56F1438B1B4B263C00785869 /* SecondViewController.swift in Sources */,
				56F143871B4B263C00785869 /* AppDelegate.swift in Sources */,
				56F143891B4B263C00785869 /* FirstViewController.swift in Sources */,
			);
			runOnlyForDeploymentPostprocessing = 0;
		};
		56F143941B4B263C00785869 /* Sources */ = {
			isa = PBXSourcesBuildPhase;
			buildActionMask = 2147483647;
			files = (
				56F1439F1B4B263C00785869 /* To_Do_ListTests.swift in Sources */,
			);
			runOnlyForDeploymentPostprocessing = 0;
		};
/* End PBXSourcesBuildPhase section */

/* Begin PBXTargetDependency section */
		56F1439A1B4B263C00785869 /* PBXTargetDependency */ = {
			isa = PBXTargetDependency;
			target = 56F143801B4B263C00785869 /* To Do List */;
			targetProxy = 56F143991B4B263C00785869 /* PBXContainerItemProxy */;
		};
/* End PBXTargetDependency section */

/* Begin PBXVariantGroup section */
		56F1438C1B4B263C00785869 /* Main.storyboard */ = {
			isa = PBXVariantGroup;
			children = (
				56F1438D1B4B263C00785869 /* Base */,
			);
			name = Main.storyboard;
			sourceTree = "<group>";
		};
		56F143911B4B263C00785869 /* LaunchScreen.xib */ = {
			isa = PBXVariantGroup;
			children = (
				56F143921B4B263C00785869 /* Base */,
			);
			name = LaunchScreen.xib;
			sourceTree = "<group>";
		};
/* End PBXVariantGroup section */

/* Begin XCBuildConfiguration section */
		56F143A01B4B263C00785869 /* Debug */ = {
			isa = XCBuildConfiguration;
			buildSettings = {
				ALWAYS_SEARCH_USER_PATHS = NO;
				CLANG_CXX_LANGUAGE_STANDARD = "gnu++0x";
				CLANG_CXX_LIBRARY = "libc++";
				CLANG_ENABLE_MODULES = YES;
				CLANG_ENABLE_OBJC_ARC = YES;
				CLANG_WARN_BOOL_CONVERSION = YES;
				CLANG_WARN_CONSTANT_CONVERSION = YES;
				CLANG_WARN_DIRECT_OBJC_ISA_USAGE = YES_ERROR;
				CLANG_WARN_EMPTY_BODY = YES;
				CLANG_WARN_ENUM_CONVERSION = YES;
				CLANG_WARN_INT_CONVERSION = YES;
				CLANG_WARN_OBJC_ROOT_CLASS = YES_ERROR;
				CLANG_WARN_UNREACHABLE_CODE = YES;
				CLANG_WARN__DUPLICATE_METHOD_MATCH = YES;
				"CODE_SIGN_IDENTITY[sdk=iphoneos*]" = "iPhone Developer";
				COPY_PHASE_STRIP = NO;
				DEBUG_INFORMATION_FORMAT = "dwarf-with-dsym";
				ENABLE_STRICT_OBJC_MSGSEND = YES;
				GCC_C_LANGUAGE_STANDARD = gnu99;
				GCC_DYNAMIC_NO_PIC = NO;
				GCC_NO_COMMON_BLOCKS = YES;
				GCC_OPTIMIZATION_LEVEL = 0;
				GCC_PREPROCESSOR_DEFINITIONS = (
					"DEBUG=1",
					"$(inherited)",
				);
				GCC_SYMBOLS_PRIVATE_EXTERN = NO;
				GCC_WARN_64_TO_32_BIT_CONVERSION = YES;
				GCC_WARN_ABOUT_RETURN_TYPE = YES_ERROR;
				GCC_WARN_UNDECLARED_SELECTOR = YES;
				GCC_WARN_UNINITIALIZED_AUTOS = YES_AGGRESSIVE;
				GCC_WARN_UNUSED_FUNCTION = YES;
				GCC_WARN_UNUSED_VARIABLE = YES;
				IPHONEOS_DEPLOYMENT_TARGET = 8.4;
				MTL_ENABLE_DEBUG_INFO = YES;
				ONLY_ACTIVE_ARCH = YES;
				SDKROOT = iphoneos;
				SWIFT_OPTIMIZATION_LEVEL = "-Onone";
			};
			name = Debug;
		};
		56F143A11B4B263C00785869 /* Release */ = {
			isa = XCBuildConfiguration;
			buildSettings = {
				ALWAYS_SEARCH_USER_PATHS = NO;
				CLANG_CXX_LANGUAGE_STANDARD = "gnu++0x";
				CLANG_CXX_LIBRARY = "libc++";
				CLANG_ENABLE_MODULES = YES;
				CLANG_ENABLE_OBJC_ARC = YES;
				CLANG_WARN_BOOL_CONVERSION = YES;
				CLANG_WARN_CONSTANT_CONVERSION = YES;
				CLANG_WARN_DIRECT_OBJC_ISA_USAGE = YES_ERROR;
				CLANG_WARN_EMPTY_BODY = YES;
				CLANG_WARN_ENUM_CONVERSION = YES;
				CLANG_WARN_INT_CONVERSION = YES;
				CLANG_WARN_OBJC_ROOT_CLASS = YES_ERROR;
				CLANG_WARN_UNREACHABLE_CODE = YES;
				CLANG_WARN__DUPLICATE_METHOD_MATCH = YES;
				"CODE_SIGN_IDENTITY[sdk=iphoneos*]" = "iPhone Developer";
				COPY_PHASE_STRIP = NO;
				DEBUG_INFORMATION_FORMAT = "dwarf-with-dsym";
				ENABLE_NS_ASSERTIONS = NO;
				ENABLE_STRICT_OBJC_MSGSEND = YES;
				GCC_C_LANGUAGE_STANDARD = gnu99;
				GCC_NO_COMMON_BLOCKS = YES;
				GCC_WARN_64_TO_32_BIT_CONVERSION = YES;
				GCC_WARN_ABOUT_RETURN_TYPE = YES_ERROR;
				GCC_WARN_UNDECLARED_SELECTOR = YES;
				GCC_WARN_UNINITIALIZED_AUTOS = YES_AGGRESSIVE;
				GCC_WARN_UNUSED_FUNCTION = YES;
				GCC_WARN_UNUSED_VARIABLE = YES;
				IPHONEOS_DEPLOYMENT_TARGET = 8.4;
				MTL_ENABLE_DEBUG_INFO = NO;
				SDKROOT = iphoneos;
				VALIDATE_PRODUCT = YES;
			};
			name = Release;
		};
		56F143A31B4B263C00785869 /* Debug */ = {
			isa = XCBuildConfiguration;
			buildSettings = {
				ASSETCATALOG_COMPILER_APPICON_NAME = AppIcon;
				INFOPLIST_FILE = "To Do List/Info.plist";
				LD_RUNPATH_SEARCH_PATHS = "$(inherited) @executable_path/Frameworks";
				PRODUCT_NAME = "$(TARGET_NAME)";
			};
			name = Debug;
		};
		56F143A41B4B263C00785869 /* Release */ = {
			isa = XCBuildConfiguration;
			buildSettings = {
				ASSETCATALOG_COMPILER_APPICON_NAME = AppIcon;
				INFOPLIST_FILE = "To Do List/Info.plist";
				LD_RUNPATH_SEARCH_PATHS = "$(inherited) @executable_path/Frameworks";
				PRODUCT_NAME = "$(TARGET_NAME)";
			};
			name = Release;
		};
		56F143A61B4B263C00785869 /* Debug */ = {
			isa = XCBuildConfiguration;
			buildSettings = {
				BUNDLE_LOADER = "$(TEST_HOST)";
				FRAMEWORK_SEARCH_PATHS = (
					"$(SDKROOT)/Developer/Library/Frameworks",
					"$(inherited)",
				);
				GCC_PREPROCESSOR_DEFINITIONS = (
					"DEBUG=1",
					"$(inherited)",
				);
				INFOPLIST_FILE = "To Do ListTests/Info.plist";
				LD_RUNPATH_SEARCH_PATHS = "$(inherited) @executable_path/Frameworks @loader_path/Frameworks";
				PRODUCT_NAME = "$(TARGET_NAME)";
				TEST_HOST = "$(BUILT_PRODUCTS_DIR)/To Do List.app/To Do List";
			};
			name = Debug;
		};
		56F143A71B4B263C00785869 /* Release */ = {
			isa = XCBuildConfiguration;
			buildSettings = {
				BUNDLE_LOADER = "$(TEST_HOST)";
				FRAMEWORK_SEARCH_PATHS = (
					"$(SDKROOT)/Developer/Library/Frameworks",
					"$(inherited)",
				);
				INFOPLIST_FILE = "To Do ListTests/Info.plist";
				LD_RUNPATH_SEARCH_PATHS = "$(inherited) @executable_path/Frameworks @loader_path/Frameworks";
				PRODUCT_NAME = "$(TARGET_NAME)";
				TEST_HOST = "$(BUILT_PRODUCTS_DIR)/To Do List.app/To Do List";
			};
			name = Release;
		};
/* End XCBuildConfiguration section */

/* Begin XCConfigurationList section */
		56F1437C1B4B263C00785869 /* Build configuration list for PBXProject "To Do List" */ = {
			isa = XCConfigurationList;
			buildConfigurations = (
				56F143A01B4B263C00785869 /* Debug */,
				56F143A11B4B263C00785869 /* Release */,
			);
			defaultConfigurationIsVisible = 0;
			defaultConfigurationName = Release;
		};
		56F143A21B4B263C00785869 /* Build configuration list for PBXNativeTarget "To Do List" */ = {
			isa = XCConfigurationList;
			buildConfigurations = (
				56F143A31B4B263C00785869 /* Debug */,
				56F143A41B4B263C00785869 /* Release */,
			);
			defaultConfigurationIsVisible = 0;
		};
		56F143A51B4B263C00785869 /* Build configuration list for PBXNativeTarget "To Do ListTests" */ = {
			isa = XCConfigurationList;
			buildConfigurations = (
				56F143A61B4B263C00785869 /* Debug */,
				56F143A71B4B263C00785869 /* Release */,
			);
			defaultConfigurationIsVisible = 0;
		};
/* End XCConfigurationList section */
	};
	rootObject = 56F143791B4B263B00785869 /* Project object */;
}
