// !$*UTF8*$!
{
	archiveVersion = 1;
	classes = {
	};
	objectVersion = 46;
	objects = {

/* Begin PBXBuildFile section */
		563F082C1B57F82B00E803EB /* AppDelegate.swift in Sources */ = {isa = PBXBuildFile; fileRef = 563F082B1B57F82B00E803EB /* AppDelegate.swift */; };
		563F082F1B57F82B00E803EB /* blog_reader.xcdatamodeld in Sources */ = {isa = PBXBuildFile; fileRef = 563F082D1B57F82B00E803EB /* blog_reader.xcdatamodeld */; };
		563F08311B57F82B00E803EB /* MasterViewController.swift in Sources */ = {isa = PBXBuildFile; fileRef = 563F08301B57F82B00E803EB /* MasterViewController.swift */; };
		563F08331B57F82B00E803EB /* DetailViewController.swift in Sources */ = {isa = PBXBuildFile; fileRef = 563F08321B57F82B00E803EB /* DetailViewController.swift */; };
		563F08361B57F82B00E803EB /* Main.storyboard in Resources */ = {isa = PBXBuildFile; fileRef = 563F08341B57F82B00E803EB /* Main.storyboard */; };
		563F08381B57F82B00E803EB /* Images.xcassets in Resources */ = {isa = PBXBuildFile; fileRef = 563F08371B57F82B00E803EB /* Images.xcassets */; };
		563F083B1B57F82B00E803EB /* LaunchScreen.xib in Resources */ = {isa = PBXBuildFile; fileRef = 563F08391B57F82B00E803EB /* LaunchScreen.xib */; };
		563F08471B57F82B00E803EB /* blog_readerTests.swift in Sources */ = {isa = PBXBuildFile; fileRef = 563F08461B57F82B00E803EB /* blog_readerTests.swift */; };
/* End PBXBuildFile section */

/* Begin PBXContainerItemProxy section */
		563F08411B57F82B00E803EB /* PBXContainerItemProxy */ = {
			isa = PBXContainerItemProxy;
			containerPortal = 563F081E1B57F82B00E803EB /* Project object */;
			proxyType = 1;
			remoteGlobalIDString = 563F08251B57F82B00E803EB;
			remoteInfo = "blog reader";
		};
/* End PBXContainerItemProxy section */

/* Begin PBXFileReference section */
		563F08261B57F82B00E803EB /* blog reader.app */ = {isa = PBXFileReference; explicitFileType = wrapper.application; includeInIndex = 0; path = "blog reader.app"; sourceTree = BUILT_PRODUCTS_DIR; };
		563F082A1B57F82B00E803EB /* Info.plist */ = {isa = PBXFileReference; lastKnownFileType = text.plist.xml; path = Info.plist; sourceTree = "<group>"; };
		563F082B1B57F82B00E803EB /* AppDelegate.swift */ = {isa = PBXFileReference; lastKnownFileType = sourcecode.swift; path = AppDelegate.swift; sourceTree = "<group>"; };
		563F082E1B57F82B00E803EB /* blog_reader.xcdatamodel */ = {isa = PBXFileReference; lastKnownFileType = wrapper.xcdatamodel; path = blog_reader.xcdatamodel; sourceTree = "<group>"; };
		563F08301B57F82B00E803EB /* MasterViewController.swift */ = {isa = PBXFileReference; lastKnownFileType = sourcecode.swift; path = MasterViewController.swift; sourceTree = "<group>"; };
		563F08321B57F82B00E803EB /* DetailViewController.swift */ = {isa = PBXFileReference; lastKnownFileType = sourcecode.swift; path = DetailViewController.swift; sourceTree = "<group>"; };
		563F08351B57F82B00E803EB /* Base */ = {isa = PBXFileReference; lastKnownFileType = file.storyboard; name = Base; path = Base.lproj/Main.storyboard; sourceTree = "<group>"; };
		563F08371B57F82B00E803EB /* Images.xcassets */ = {isa = PBXFileReference; lastKnownFileType = folder.assetcatalog; path = Images.xcassets; sourceTree = "<group>"; };
		563F083A1B57F82B00E803EB /* Base */ = {isa = PBXFileReference; lastKnownFileType = file.xib; name = Base; path = Base.lproj/LaunchScreen.xib; sourceTree = "<group>"; };
		563F08401B57F82B00E803EB /* blog readerTests.xctest */ = {isa = PBXFileReference; explicitFileType = wrapper.cfbundle; includeInIndex = 0; path = "blog readerTests.xctest"; sourceTree = BUILT_PRODUCTS_DIR; };
		563F08451B57F82B00E803EB /* Info.plist */ = {isa = PBXFileReference; lastKnownFileType = text.plist.xml; path = Info.plist; sourceTree = "<group>"; };
		563F08461B57F82B00E803EB /* blog_readerTests.swift */ = {isa = PBXFileReference; lastKnownFileType = sourcecode.swift; path = blog_readerTests.swift; sourceTree = "<group>"; };
/* End PBXFileReference section */

/* Begin PBXFrameworksBuildPhase section */
		563F08231B57F82B00E803EB /* Frameworks */ = {
			isa = PBXFrameworksBuildPhase;
			buildActionMask = 2147483647;
			files = (
			);
			runOnlyForDeploymentPostprocessing = 0;
		};
		563F083D1B57F82B00E803EB /* Frameworks */ = {
			isa = PBXFrameworksBuildPhase;
			buildActionMask = 2147483647;
			files = (
			);
			runOnlyForDeploymentPostprocessing = 0;
		};
/* End PBXFrameworksBuildPhase section */

/* Begin PBXGroup section */
		563F081D1B57F82B00E803EB = {
			isa = PBXGroup;
			children = (
				563F08281B57F82B00E803EB /* blog reader */,
				563F08431B57F82B00E803EB /* blog readerTests */,
				563F08271B57F82B00E803EB /* Products */,
			);
			sourceTree = "<group>";
		};
		563F08271B57F82B00E803EB /* Products */ = {
			isa = PBXGroup;
			children = (
				563F08261B57F82B00E803EB /* blog reader.app */,
				563F08401B57F82B00E803EB /* blog readerTests.xctest */,
			);
			name = Products;
			sourceTree = "<group>";
		};
		563F08281B57F82B00E803EB /* blog reader */ = {
			isa = PBXGroup;
			children = (
				563F082B1B57F82B00E803EB /* AppDelegate.swift */,
				563F08301B57F82B00E803EB /* MasterViewController.swift */,
				563F08321B57F82B00E803EB /* DetailViewController.swift */,
				563F08341B57F82B00E803EB /* Main.storyboard */,
				563F08371B57F82B00E803EB /* Images.xcassets */,
				563F08391B57F82B00E803EB /* LaunchScreen.xib */,
				563F082D1B57F82B00E803EB /* blog_reader.xcdatamodeld */,
				563F08291B57F82B00E803EB /* Supporting Files */,
			);
			path = "blog reader";
			sourceTree = "<group>";
		};
		563F08291B57F82B00E803EB /* Supporting Files */ = {
			isa = PBXGroup;
			children = (
				563F082A1B57F82B00E803EB /* Info.plist */,
			);
			name = "Supporting Files";
			sourceTree = "<group>";
		};
		563F08431B57F82B00E803EB /* blog readerTests */ = {
			isa = PBXGroup;
			children = (
				563F08461B57F82B00E803EB /* blog_readerTests.swift */,
				563F08441B57F82B00E803EB /* Supporting Files */,
			);
			path = "blog readerTests";
			sourceTree = "<group>";
		};
		563F08441B57F82B00E803EB /* Supporting Files */ = {
			isa = PBXGroup;
			children = (
				563F08451B57F82B00E803EB /* Info.plist */,
			);
			name = "Supporting Files";
			sourceTree = "<group>";
		};
/* End PBXGroup section */

/* Begin PBXNativeTarget section */
		563F08251B57F82B00E803EB /* blog reader */ = {
			isa = PBXNativeTarget;
			buildConfigurationList = 563F084A1B57F82C00E803EB /* Build configuration list for PBXNativeTarget "blog reader" */;
			buildPhases = (
				563F08221B57F82B00E803EB /* Sources */,
				563F08231B57F82B00E803EB /* Frameworks */,
				563F08241B57F82B00E803EB /* Resources */,
			);
			buildRules = (
			);
			dependencies = (
			);
			name = "blog reader";
			productName = "blog reader";
			productReference = 563F08261B57F82B00E803EB /* blog reader.app */;
			productType = "com.apple.product-type.application";
		};
		563F083F1B57F82B00E803EB /* blog readerTests */ = {
			isa = PBXNativeTarget;
			buildConfigurationList = 563F084D1B57F82C00E803EB /* Build configuration list for PBXNativeTarget "blog readerTests" */;
			buildPhases = (
				563F083C1B57F82B00E803EB /* Sources */,
				563F083D1B57F82B00E803EB /* Frameworks */,
				563F083E1B57F82B00E803EB /* Resources */,
			);
			buildRules = (
			);
			dependencies = (
				563F08421B57F82B00E803EB /* PBXTargetDependency */,
			);
			name = "blog readerTests";
			productName = "blog readerTests";
			productReference = 563F08401B57F82B00E803EB /* blog readerTests.xctest */;
			productType = "com.apple.product-type.bundle.unit-test";
		};
/* End PBXNativeTarget section */

/* Begin PBXProject section */
		563F081E1B57F82B00E803EB /* Project object */ = {
			isa = PBXProject;
			attributes = {
				LastUpgradeCheck = 0640;
				ORGANIZATIONNAME = sourceapps;
				TargetAttributes = {
					563F08251B57F82B00E803EB = {
						CreatedOnToolsVersion = 6.4;
					};
					563F083F1B57F82B00E803EB = {
						CreatedOnToolsVersion = 6.4;
						TestTargetID = 563F08251B57F82B00E803EB;
					};
				};
			};
			buildConfigurationList = 563F08211B57F82B00E803EB /* Build configuration list for PBXProject "blog reader" */;
			compatibilityVersion = "Xcode 3.2";
			developmentRegion = English;
			hasScannedForEncodings = 0;
			knownRegions = (
				en,
				Base,
			);
			mainGroup = 563F081D1B57F82B00E803EB;
			productRefGroup = 563F08271B57F82B00E803EB /* Products */;
			projectDirPath = "";
			projectRoot = "";
			targets = (
				563F08251B57F82B00E803EB /* blog reader */,
				563F083F1B57F82B00E803EB /* blog readerTests */,
			);
		};
/* End PBXProject section */

/* Begin PBXResourcesBuildPhase section */
		563F08241B57F82B00E803EB /* Resources */ = {
			isa = PBXResourcesBuildPhase;
			buildActionMask = 2147483647;
			files = (
				563F08361B57F82B00E803EB /* Main.storyboard in Resources */,
				563F083B1B57F82B00E803EB /* LaunchScreen.xib in Resources */,
				563F08381B57F82B00E803EB /* Images.xcassets in Resources */,
			);
			runOnlyForDeploymentPostprocessing = 0;
		};
		563F083E1B57F82B00E803EB /* Resources */ = {
			isa = PBXResourcesBuildPhase;
			buildActionMask = 2147483647;
			files = (
			);
			runOnlyForDeploymentPostprocessing = 0;
		};
/* End PBXResourcesBuildPhase section */

/* Begin PBXSourcesBuildPhase section */
		563F08221B57F82B00E803EB /* Sources */ = {
			isa = PBXSourcesBuildPhase;
			buildActionMask = 2147483647;
			files = (
				563F082F1B57F82B00E803EB /* blog_reader.xcdatamodeld in Sources */,
				563F082C1B57F82B00E803EB /* AppDelegate.swift in Sources */,
				563F08311B57F82B00E803EB /* MasterViewController.swift in Sources */,
				563F08331B57F82B00E803EB /* DetailViewController.swift in Sources */,
			);
			runOnlyForDeploymentPostprocessing = 0;
		};
		563F083C1B57F82B00E803EB /* Sources */ = {
			isa = PBXSourcesBuildPhase;
			buildActionMask = 2147483647;
			files = (
				563F08471B57F82B00E803EB /* blog_readerTests.swift in Sources */,
			);
			runOnlyForDeploymentPostprocessing = 0;
		};
/* End PBXSourcesBuildPhase section */

/* Begin PBXTargetDependency section */
		563F08421B57F82B00E803EB /* PBXTargetDependency */ = {
			isa = PBXTargetDependency;
			target = 563F08251B57F82B00E803EB /* blog reader */;
			targetProxy = 563F08411B57F82B00E803EB /* PBXContainerItemProxy */;
		};
/* End PBXTargetDependency section */

/* Begin PBXVariantGroup section */
		563F08341B57F82B00E803EB /* Main.storyboard */ = {
			isa = PBXVariantGroup;
			children = (
				563F08351B57F82B00E803EB /* Base */,
			);
			name = Main.storyboard;
			sourceTree = "<group>";
		};
		563F08391B57F82B00E803EB /* LaunchScreen.xib */ = {
			isa = PBXVariantGroup;
			children = (
				563F083A1B57F82B00E803EB /* Base */,
			);
			name = LaunchScreen.xib;
			sourceTree = "<group>";
		};
/* End PBXVariantGroup section */

/* Begin XCBuildConfiguration section */
		563F08481B57F82C00E803EB /* Debug */ = {
			isa = XCBuildConfiguration;
			buildSettings = {
				ALWAYS_SEARCH_USER_PATHS = NO;
				CLANG_CXX_LANGUAGE_STANDARD = "gnu++0x";
				CLANG_CXX_LIBRARY = "libc++";
				CLANG_ENABLE_MODULES = YES;
				CLANG_ENABLE_OBJC_ARC = YES;
				CLANG_WARN_BOOL_CONVERSION = YES;
				CLANG_WARN_CONSTANT_CONVERSION = YES;
				CLANG_WARN_DIRECT_OBJC_ISA_USAGE = YES_ERROR;
				CLANG_WARN_EMPTY_BODY = YES;
				CLANG_WARN_ENUM_CONVERSION = YES;
				CLANG_WARN_INT_CONVERSION = YES;
				CLANG_WARN_OBJC_ROOT_CLASS = YES_ERROR;
				CLANG_WARN_UNREACHABLE_CODE = YES;
				CLANG_WARN__DUPLICATE_METHOD_MATCH = YES;
				"CODE_SIGN_IDENTITY[sdk=iphoneos*]" = "iPhone Developer";
				COPY_PHASE_STRIP = NO;
				DEBUG_INFORMATION_FORMAT = "dwarf-with-dsym";
				ENABLE_STRICT_OBJC_MSGSEND = YES;
				GCC_C_LANGUAGE_STANDARD = gnu99;
				GCC_DYNAMIC_NO_PIC = NO;
				GCC_NO_COMMON_BLOCKS = YES;
				GCC_OPTIMIZATION_LEVEL = 0;
				GCC_PREPROCESSOR_DEFINITIONS = (
					"DEBUG=1",
					"$(inherited)",
				);
				GCC_SYMBOLS_PRIVATE_EXTERN = NO;
				GCC_WARN_64_TO_32_BIT_CONVERSION = YES;
				GCC_WARN_ABOUT_RETURN_TYPE = YES_ERROR;
				GCC_WARN_UNDECLARED_SELECTOR = YES;
				GCC_WARN_UNINITIALIZED_AUTOS = YES_AGGRESSIVE;
				GCC_WARN_UNUSED_FUNCTION = YES;
				GCC_WARN_UNUSED_VARIABLE = YES;
				IPHONEOS_DEPLOYMENT_TARGET = 8.4;
				MTL_ENABLE_DEBUG_INFO = YES;
				ONLY_ACTIVE_ARCH = YES;
				SDKROOT = iphoneos;
				SWIFT_OPTIMIZATION_LEVEL = "-Onone";
			};
			name = Debug;
		};
		563F08491B57F82C00E803EB /* Release */ = {
			isa = XCBuildConfiguration;
			buildSettings = {
				ALWAYS_SEARCH_USER_PATHS = NO;
				CLANG_CXX_LANGUAGE_STANDARD = "gnu++0x";
				CLANG_CXX_LIBRARY = "libc++";
				CLANG_ENABLE_MODULES = YES;
				CLANG_ENABLE_OBJC_ARC = YES;
				CLANG_WARN_BOOL_CONVERSION = YES;
				CLANG_WARN_CONSTANT_CONVERSION = YES;
				CLANG_WARN_DIRECT_OBJC_ISA_USAGE = YES_ERROR;
				CLANG_WARN_EMPTY_BODY = YES;
				CLANG_WARN_ENUM_CONVERSION = YES;
				CLANG_WARN_INT_CONVERSION = YES;
				CLANG_WARN_OBJC_ROOT_CLASS = YES_ERROR;
				CLANG_WARN_UNREACHABLE_CODE = YES;
				CLANG_WARN__DUPLICATE_METHOD_MATCH = YES;
				"CODE_SIGN_IDENTITY[sdk=iphoneos*]" = "iPhone Developer";
				COPY_PHASE_STRIP = NO;
				DEBUG_INFORMATION_FORMAT = "dwarf-with-dsym";
				ENABLE_NS_ASSERTIONS = NO;
				ENABLE_STRICT_OBJC_MSGSEND = YES;
				GCC_C_LANGUAGE_STANDARD = gnu99;
				GCC_NO_COMMON_BLOCKS = YES;
				GCC_WARN_64_TO_32_BIT_CONVERSION = YES;
				GCC_WARN_ABOUT_RETURN_TYPE = YES_ERROR;
				GCC_WARN_UNDECLARED_SELECTOR = YES;
				GCC_WARN_UNINITIALIZED_AUTOS = YES_AGGRESSIVE;
				GCC_WARN_UNUSED_FUNCTION = YES;
				GCC_WARN_UNUSED_VARIABLE = YES;
				IPHONEOS_DEPLOYMENT_TARGET = 8.4;
				MTL_ENABLE_DEBUG_INFO = NO;
				SDKROOT = iphoneos;
				VALIDATE_PRODUCT = YES;
			};
			name = Release;
		};
		563F084B1B57F82C00E803EB /* Debug */ = {
			isa = XCBuildConfiguration;
			buildSettings = {
				ASSETCATALOG_COMPILER_APPICON_NAME = AppIcon;
				INFOPLIST_FILE = "blog reader/Info.plist";
				LD_RUNPATH_SEARCH_PATHS = "$(inherited) @executable_path/Frameworks";
				PRODUCT_NAME = "$(TARGET_NAME)";
			};
			name = Debug;
		};
		563F084C1B57F82C00E803EB /* Release */ = {
			isa = XCBuildConfiguration;
			buildSettings = {
				ASSETCATALOG_COMPILER_APPICON_NAME = AppIcon;
				INFOPLIST_FILE = "blog reader/Info.plist";
				LD_RUNPATH_SEARCH_PATHS = "$(inherited) @executable_path/Frameworks";
				PRODUCT_NAME = "$(TARGET_NAME)";
			};
			name = Release;
		};
		563F084E1B57F82C00E803EB /* Debug */ = {
			isa = XCBuildConfiguration;
			buildSettings = {
				BUNDLE_LOADER = "$(TEST_HOST)";
				FRAMEWORK_SEARCH_PATHS = (
					"$(SDKROOT)/Developer/Library/Frameworks",
					"$(inherited)",
				);
				GCC_PREPROCESSOR_DEFINITIONS = (
					"DEBUG=1",
					"$(inherited)",
				);
				INFOPLIST_FILE = "blog readerTests/Info.plist";
				LD_RUNPATH_SEARCH_PATHS = "$(inherited) @executable_path/Frameworks @loader_path/Frameworks";
				PRODUCT_NAME = "$(TARGET_NAME)";
				TEST_HOST = "$(BUILT_PRODUCTS_DIR)/blog reader.app/blog reader";
			};
			name = Debug;
		};
		563F084F1B57F82C00E803EB /* Release */ = {
			isa = XCBuildConfiguration;
			buildSettings = {
				BUNDLE_LOADER = "$(TEST_HOST)";
				FRAMEWORK_SEARCH_PATHS = (
					"$(SDKROOT)/Developer/Library/Frameworks",
					"$(inherited)",
				);
				INFOPLIST_FILE = "blog readerTests/Info.plist";
				LD_RUNPATH_SEARCH_PATHS = "$(inherited) @executable_path/Frameworks @loader_path/Frameworks";
				PRODUCT_NAME = "$(TARGET_NAME)";
				TEST_HOST = "$(BUILT_PRODUCTS_DIR)/blog reader.app/blog reader";
			};
			name = Release;
		};
/* End XCBuildConfiguration section */

/* Begin XCConfigurationList section */
		563F08211B57F82B00E803EB /* Build configuration list for PBXProject "blog reader" */ = {
			isa = XCConfigurationList;
			buildConfigurations = (
				563F08481B57F82C00E803EB /* Debug */,
				563F08491B57F82C00E803EB /* Release */,
			);
			defaultConfigurationIsVisible = 0;
			defaultConfigurationName = Release;
		};
		563F084A1B57F82C00E803EB /* Build configuration list for PBXNativeTarget "blog reader" */ = {
			isa = XCConfigurationList;
			buildConfigurations = (
				563F084B1B57F82C00E803EB /* Debug */,
				563F084C1B57F82C00E803EB /* Release */,
			);
			defaultConfigurationIsVisible = 0;
		};
		563F084D1B57F82C00E803EB /* Build configuration list for PBXNativeTarget "blog readerTests" */ = {
			isa = XCConfigurationList;
			buildConfigurations = (
				563F084E1B57F82C00E803EB /* Debug */,
				563F084F1B57F82C00E803EB /* Release */,
			);
			defaultConfigurationIsVisible = 0;
		};
/* End XCConfigurationList section */

/* Begin XCVersionGroup section */
		563F082D1B57F82B00E803EB /* blog_reader.xcdatamodeld */ = {
			isa = XCVersionGroup;
			children = (
				563F082E1B57F82B00E803EB /* blog_reader.xcdatamodel */,
			);
			currentVersion = 563F082E1B57F82B00E803EB /* blog_reader.xcdatamodel */;
			path = blog_reader.xcdatamodeld;
			sourceTree = "<group>";
			versionGroupType = wrapper.xcdatamodel;
		};
/* End XCVersionGroup section */
	};
	rootObject = 563F081E1B57F82B00E803EB /* Project object */;
}
