// !$*UTF8*$!
{
	archiveVersion = 1;
	classes = {
	};
	objectVersion = 46;
	objects = {

/* Begin PBXBuildFile section */
		5666687A1B4EEE82008CF76D /* AppDelegate.swift in Sources */ = {isa = PBXBuildFile; fileRef = 566668791B4EEE82008CF76D /* AppDelegate.swift */; };
		5666687C1B4EEE82008CF76D /* ViewController.swift in Sources */ = {isa = PBXBuildFile; fileRef = 5666687B1B4EEE82008CF76D /* ViewController.swift */; };
		5666687F1B4EEE83008CF76D /* Main.storyboard in Resources */ = {isa = PBXBuildFile; fileRef = 5666687D1B4EEE83008CF76D /* Main.storyboard */; };
		566668811B4EEE83008CF76D /* Images.xcassets in Resources */ = {isa = PBXBuildFile; fileRef = 566668801B4EEE83008CF76D /* Images.xcassets */; };
		566668841B4EEE83008CF76D /* LaunchScreen.xib in Resources */ = {isa = PBXBuildFile; fileRef = 566668821B4EEE83008CF76D /* LaunchScreen.xib */; };
		566668901B4EEE83008CF76D /* map_demoTests.swift in Sources */ = {isa = PBXBuildFile; fileRef = 5666688F1B4EEE83008CF76D /* map_demoTests.swift */; };
/* End PBXBuildFile section */

/* Begin PBXContainerItemProxy section */
		5666688A1B4EEE83008CF76D /* PBXContainerItemProxy */ = {
			isa = PBXContainerItemProxy;
			containerPortal = 5666686C1B4EEE82008CF76D /* Project object */;
			proxyType = 1;
			remoteGlobalIDString = 566668731B4EEE82008CF76D;
			remoteInfo = "map demo";
		};
/* End PBXContainerItemProxy section */

/* Begin PBXFileReference section */
		566668741B4EEE82008CF76D /* map demo.app */ = {isa = PBXFileReference; explicitFileType = wrapper.application; includeInIndex = 0; path = "map demo.app"; sourceTree = BUILT_PRODUCTS_DIR; };
		566668781B4EEE82008CF76D /* Info.plist */ = {isa = PBXFileReference; lastKnownFileType = text.plist.xml; path = Info.plist; sourceTree = "<group>"; };
		566668791B4EEE82008CF76D /* AppDelegate.swift */ = {isa = PBXFileReference; lastKnownFileType = sourcecode.swift; path = AppDelegate.swift; sourceTree = "<group>"; };
		5666687B1B4EEE82008CF76D /* ViewController.swift */ = {isa = PBXFileReference; lastKnownFileType = sourcecode.swift; path = ViewController.swift; sourceTree = "<group>"; };
		5666687E1B4EEE83008CF76D /* Base */ = {isa = PBXFileReference; lastKnownFileType = file.storyboard; name = Base; path = Base.lproj/Main.storyboard; sourceTree = "<group>"; };
		566668801B4EEE83008CF76D /* Images.xcassets */ = {isa = PBXFileReference; lastKnownFileType = folder.assetcatalog; path = Images.xcassets; sourceTree = "<group>"; };
		566668831B4EEE83008CF76D /* Base */ = {isa = PBXFileReference; lastKnownFileType = file.xib; name = Base; path = Base.lproj/LaunchScreen.xib; sourceTree = "<group>"; };
		566668891B4EEE83008CF76D /* map demoTests.xctest */ = {isa = PBXFileReference; explicitFileType = wrapper.cfbundle; includeInIndex = 0; path = "map demoTests.xctest"; sourceTree = BUILT_PRODUCTS_DIR; };
		5666688E1B4EEE83008CF76D /* Info.plist */ = {isa = PBXFileReference; lastKnownFileType = text.plist.xml; path = Info.plist; sourceTree = "<group>"; };
		5666688F1B4EEE83008CF76D /* map_demoTests.swift */ = {isa = PBXFileReference; lastKnownFileType = sourcecode.swift; path = map_demoTests.swift; sourceTree = "<group>"; };
/* End PBXFileReference section */

/* Begin PBXFrameworksBuildPhase section */
		566668711B4EEE82008CF76D /* Frameworks */ = {
			isa = PBXFrameworksBuildPhase;
			buildActionMask = 2147483647;
			files = (
			);
			runOnlyForDeploymentPostprocessing = 0;
		};
		566668861B4EEE83008CF76D /* Frameworks */ = {
			isa = PBXFrameworksBuildPhase;
			buildActionMask = 2147483647;
			files = (
			);
			runOnlyForDeploymentPostprocessing = 0;
		};
/* End PBXFrameworksBuildPhase section */

/* Begin PBXGroup section */
		5666686B1B4EEE81008CF76D = {
			isa = PBXGroup;
			children = (
				566668761B4EEE82008CF76D /* map demo */,
				5666688C1B4EEE83008CF76D /* map demoTests */,
				566668751B4EEE82008CF76D /* Products */,
			);
			sourceTree = "<group>";
		};
		566668751B4EEE82008CF76D /* Products */ = {
			isa = PBXGroup;
			children = (
				566668741B4EEE82008CF76D /* map demo.app */,
				566668891B4EEE83008CF76D /* map demoTests.xctest */,
			);
			name = Products;
			sourceTree = "<group>";
		};
		566668761B4EEE82008CF76D /* map demo */ = {
			isa = PBXGroup;
			children = (
				566668791B4EEE82008CF76D /* AppDelegate.swift */,
				5666687B1B4EEE82008CF76D /* ViewController.swift */,
				5666687D1B4EEE83008CF76D /* Main.storyboard */,
				566668801B4EEE83008CF76D /* Images.xcassets */,
				566668821B4EEE83008CF76D /* LaunchScreen.xib */,
				566668771B4EEE82008CF76D /* Supporting Files */,
			);
			path = "map demo";
			sourceTree = "<group>";
		};
		566668771B4EEE82008CF76D /* Supporting Files */ = {
			isa = PBXGroup;
			children = (
				566668781B4EEE82008CF76D /* Info.plist */,
			);
			name = "Supporting Files";
			sourceTree = "<group>";
		};
		5666688C1B4EEE83008CF76D /* map demoTests */ = {
			isa = PBXGroup;
			children = (
				5666688F1B4EEE83008CF76D /* map_demoTests.swift */,
				5666688D1B4EEE83008CF76D /* Supporting Files */,
			);
			path = "map demoTests";
			sourceTree = "<group>";
		};
		5666688D1B4EEE83008CF76D /* Supporting Files */ = {
			isa = PBXGroup;
			children = (
				5666688E1B4EEE83008CF76D /* Info.plist */,
			);
			name = "Supporting Files";
			sourceTree = "<group>";
		};
/* End PBXGroup section */

/* Begin PBXNativeTarget section */
		566668731B4EEE82008CF76D /* map demo */ = {
			isa = PBXNativeTarget;
			buildConfigurationList = 566668931B4EEE83008CF76D /* Build configuration list for PBXNativeTarget "map demo" */;
			buildPhases = (
				566668701B4EEE82008CF76D /* Sources */,
				566668711B4EEE82008CF76D /* Frameworks */,
				566668721B4EEE82008CF76D /* Resources */,
			);
			buildRules = (
			);
			dependencies = (
			);
			name = "map demo";
			productName = "map demo";
			productReference = 566668741B4EEE82008CF76D /* map demo.app */;
			productType = "com.apple.product-type.application";
		};
		566668881B4EEE83008CF76D /* map demoTests */ = {
			isa = PBXNativeTarget;
			buildConfigurationList = 566668961B4EEE83008CF76D /* Build configuration list for PBXNativeTarget "map demoTests" */;
			buildPhases = (
				566668851B4EEE83008CF76D /* Sources */,
				566668861B4EEE83008CF76D /* Frameworks */,
				566668871B4EEE83008CF76D /* Resources */,
			);
			buildRules = (
			);
			dependencies = (
				5666688B1B4EEE83008CF76D /* PBXTargetDependency */,
			);
			name = "map demoTests";
			productName = "map demoTests";
			productReference = 566668891B4EEE83008CF76D /* map demoTests.xctest */;
			productType = "com.apple.product-type.bundle.unit-test";
		};
/* End PBXNativeTarget section */

/* Begin PBXProject section */
		5666686C1B4EEE82008CF76D /* Project object */ = {
			isa = PBXProject;
			attributes = {
				LastUpgradeCheck = 0640;
				ORGANIZATIONNAME = sourceapps;
				TargetAttributes = {
					566668731B4EEE82008CF76D = {
						CreatedOnToolsVersion = 6.4;
					};
					566668881B4EEE83008CF76D = {
						CreatedOnToolsVersion = 6.4;
						TestTargetID = 566668731B4EEE82008CF76D;
					};
				};
			};
			buildConfigurationList = 5666686F1B4EEE82008CF76D /* Build configuration list for PBXProject "map demo" */;
			compatibilityVersion = "Xcode 3.2";
			developmentRegion = English;
			hasScannedForEncodings = 0;
			knownRegions = (
				en,
				Base,
			);
			mainGroup = 5666686B1B4EEE81008CF76D;
			productRefGroup = 566668751B4EEE82008CF76D /* Products */;
			projectDirPath = "";
			projectRoot = "";
			targets = (
				566668731B4EEE82008CF76D /* map demo */,
				566668881B4EEE83008CF76D /* map demoTests */,
			);
		};
/* End PBXProject section */

/* Begin PBXResourcesBuildPhase section */
		566668721B4EEE82008CF76D /* Resources */ = {
			isa = PBXResourcesBuildPhase;
			buildActionMask = 2147483647;
			files = (
				5666687F1B4EEE83008CF76D /* Main.storyboard in Resources */,
				566668841B4EEE83008CF76D /* LaunchScreen.xib in Resources */,
				566668811B4EEE83008CF76D /* Images.xcassets in Resources */,
			);
			runOnlyForDeploymentPostprocessing = 0;
		};
		566668871B4EEE83008CF76D /* Resources */ = {
			isa = PBXResourcesBuildPhase;
			buildActionMask = 2147483647;
			files = (
			);
			runOnlyForDeploymentPostprocessing = 0;
		};
/* End PBXResourcesBuildPhase section */

/* Begin PBXSourcesBuildPhase section */
		566668701B4EEE82008CF76D /* Sources */ = {
			isa = PBXSourcesBuildPhase;
			buildActionMask = 2147483647;
			files = (
				5666687C1B4EEE82008CF76D /* ViewController.swift in Sources */,
				5666687A1B4EEE82008CF76D /* AppDelegate.swift in Sources */,
			);
			runOnlyForDeploymentPostprocessing = 0;
		};
		566668851B4EEE83008CF76D /* Sources */ = {
			isa = PBXSourcesBuildPhase;
			buildActionMask = 2147483647;
			files = (
				566668901B4EEE83008CF76D /* map_demoTests.swift in Sources */,
			);
			runOnlyForDeploymentPostprocessing = 0;
		};
/* End PBXSourcesBuildPhase section */

/* Begin PBXTargetDependency section */
		5666688B1B4EEE83008CF76D /* PBXTargetDependency */ = {
			isa = PBXTargetDependency;
			target = 566668731B4EEE82008CF76D /* map demo */;
			targetProxy = 5666688A1B4EEE83008CF76D /* PBXContainerItemProxy */;
		};
/* End PBXTargetDependency section */

/* Begin PBXVariantGroup section */
		5666687D1B4EEE83008CF76D /* Main.storyboard */ = {
			isa = PBXVariantGroup;
			children = (
				5666687E1B4EEE83008CF76D /* Base */,
			);
			name = Main.storyboard;
			sourceTree = "<group>";
		};
		566668821B4EEE83008CF76D /* LaunchScreen.xib */ = {
			isa = PBXVariantGroup;
			children = (
				566668831B4EEE83008CF76D /* Base */,
			);
			name = LaunchScreen.xib;
			sourceTree = "<group>";
		};
/* End PBXVariantGroup section */

/* Begin XCBuildConfiguration section */
		566668911B4EEE83008CF76D /* Debug */ = {
			isa = XCBuildConfiguration;
			buildSettings = {
				ALWAYS_SEARCH_USER_PATHS = NO;
				CLANG_CXX_LANGUAGE_STANDARD = "gnu++0x";
				CLANG_CXX_LIBRARY = "libc++";
				CLANG_ENABLE_MODULES = YES;
				CLANG_ENABLE_OBJC_ARC = YES;
				CLANG_WARN_BOOL_CONVERSION = YES;
				CLANG_WARN_CONSTANT_CONVERSION = YES;
				CLANG_WARN_DIRECT_OBJC_ISA_USAGE = YES_ERROR;
				CLANG_WARN_EMPTY_BODY = YES;
				CLANG_WARN_ENUM_CONVERSION = YES;
				CLANG_WARN_INT_CONVERSION = YES;
				CLANG_WARN_OBJC_ROOT_CLASS = YES_ERROR;
				CLANG_WARN_UNREACHABLE_CODE = YES;
				CLANG_WARN__DUPLICATE_METHOD_MATCH = YES;
				"CODE_SIGN_IDENTITY[sdk=iphoneos*]" = "iPhone Developer";
				COPY_PHASE_STRIP = NO;
				DEBUG_INFORMATION_FORMAT = "dwarf-with-dsym";
				ENABLE_STRICT_OBJC_MSGSEND = YES;
				GCC_C_LANGUAGE_STANDARD = gnu99;
				GCC_DYNAMIC_NO_PIC = NO;
				GCC_NO_COMMON_BLOCKS = YES;
				GCC_OPTIMIZATION_LEVEL = 0;
				GCC_PREPROCESSOR_DEFINITIONS = (
					"DEBUG=1",
					"$(inherited)",
				);
				GCC_SYMBOLS_PRIVATE_EXTERN = NO;
				GCC_WARN_64_TO_32_BIT_CONVERSION = YES;
				GCC_WARN_ABOUT_RETURN_TYPE = YES_ERROR;
				GCC_WARN_UNDECLARED_SELECTOR = YES;
				GCC_WARN_UNINITIALIZED_AUTOS = YES_AGGRESSIVE;
				GCC_WARN_UNUSED_FUNCTION = YES;
				GCC_WARN_UNUSED_VARIABLE = YES;
				IPHONEOS_DEPLOYMENT_TARGET = 8.4;
				MTL_ENABLE_DEBUG_INFO = YES;
				ONLY_ACTIVE_ARCH = YES;
				SDKROOT = iphoneos;
				SWIFT_OPTIMIZATION_LEVEL = "-Onone";
			};
			name = Debug;
		};
		566668921B4EEE83008CF76D /* Release */ = {
			isa = XCBuildConfiguration;
			buildSettings = {
				ALWAYS_SEARCH_USER_PATHS = NO;
				CLANG_CXX_LANGUAGE_STANDARD = "gnu++0x";
				CLANG_CXX_LIBRARY = "libc++";
				CLANG_ENABLE_MODULES = YES;
				CLANG_ENABLE_OBJC_ARC = YES;
				CLANG_WARN_BOOL_CONVERSION = YES;
				CLANG_WARN_CONSTANT_CONVERSION = YES;
				CLANG_WARN_DIRECT_OBJC_ISA_USAGE = YES_ERROR;
				CLANG_WARN_EMPTY_BODY = YES;
				CLANG_WARN_ENUM_CONVERSION = YES;
				CLANG_WARN_INT_CONVERSION = YES;
				CLANG_WARN_OBJC_ROOT_CLASS = YES_ERROR;
				CLANG_WARN_UNREACHABLE_CODE = YES;
				CLANG_WARN__DUPLICATE_METHOD_MATCH = YES;
				"CODE_SIGN_IDENTITY[sdk=iphoneos*]" = "iPhone Developer";
				COPY_PHASE_STRIP = NO;
				DEBUG_INFORMATION_FORMAT = "dwarf-with-dsym";
				ENABLE_NS_ASSERTIONS = NO;
				ENABLE_STRICT_OBJC_MSGSEND = YES;
				GCC_C_LANGUAGE_STANDARD = gnu99;
				GCC_NO_COMMON_BLOCKS = YES;
				GCC_WARN_64_TO_32_BIT_CONVERSION = YES;
				GCC_WARN_ABOUT_RETURN_TYPE = YES_ERROR;
				GCC_WARN_UNDECLARED_SELECTOR = YES;
				GCC_WARN_UNINITIALIZED_AUTOS = YES_AGGRESSIVE;
				GCC_WARN_UNUSED_FUNCTION = YES;
				GCC_WARN_UNUSED_VARIABLE = YES;
				IPHONEOS_DEPLOYMENT_TARGET = 8.4;
				MTL_ENABLE_DEBUG_INFO = NO;
				SDKROOT = iphoneos;
				VALIDATE_PRODUCT = YES;
			};
			name = Release;
		};
		566668941B4EEE83008CF76D /* Debug */ = {
			isa = XCBuildConfiguration;
			buildSettings = {
				ASSETCATALOG_COMPILER_APPICON_NAME = AppIcon;
				INFOPLIST_FILE = "map demo/Info.plist";
				LD_RUNPATH_SEARCH_PATHS = "$(inherited) @executable_path/Frameworks";
				PRODUCT_NAME = "$(TARGET_NAME)";
			};
			name = Debug;
		};
		566668951B4EEE83008CF76D /* Release */ = {
			isa = XCBuildConfiguration;
			buildSettings = {
				ASSETCATALOG_COMPILER_APPICON_NAME = AppIcon;
				INFOPLIST_FILE = "map demo/Info.plist";
				LD_RUNPATH_SEARCH_PATHS = "$(inherited) @executable_path/Frameworks";
				PRODUCT_NAME = "$(TARGET_NAME)";
			};
			name = Release;
		};
		566668971B4EEE83008CF76D /* Debug */ = {
			isa = XCBuildConfiguration;
			buildSettings = {
				BUNDLE_LOADER = "$(TEST_HOST)";
				FRAMEWORK_SEARCH_PATHS = (
					"$(SDKROOT)/Developer/Library/Frameworks",
					"$(inherited)",
				);
				GCC_PREPROCESSOR_DEFINITIONS = (
					"DEBUG=1",
					"$(inherited)",
				);
				INFOPLIST_FILE = "map demoTests/Info.plist";
				LD_RUNPATH_SEARCH_PATHS = "$(inherited) @executable_path/Frameworks @loader_path/Frameworks";
				PRODUCT_NAME = "$(TARGET_NAME)";
				TEST_HOST = "$(BUILT_PRODUCTS_DIR)/map demo.app/map demo";
			};
			name = Debug;
		};
		566668981B4EEE83008CF76D /* Release */ = {
			isa = XCBuildConfiguration;
			buildSettings = {
				BUNDLE_LOADER = "$(TEST_HOST)";
				FRAMEWORK_SEARCH_PATHS = (
					"$(SDKROOT)/Developer/Library/Frameworks",
					"$(inherited)",
				);
				INFOPLIST_FILE = "map demoTests/Info.plist";
				LD_RUNPATH_SEARCH_PATHS = "$(inherited) @executable_path/Frameworks @loader_path/Frameworks";
				PRODUCT_NAME = "$(TARGET_NAME)";
				TEST_HOST = "$(BUILT_PRODUCTS_DIR)/map demo.app/map demo";
			};
			name = Release;
		};
/* End XCBuildConfiguration section */

/* Begin XCConfigurationList section */
		5666686F1B4EEE82008CF76D /* Build configuration list for PBXProject "map demo" */ = {
			isa = XCConfigurationList;
			buildConfigurations = (
				566668911B4EEE83008CF76D /* Debug */,
				566668921B4EEE83008CF76D /* Release */,
			);
			defaultConfigurationIsVisible = 0;
			defaultConfigurationName = Release;
		};
		566668931B4EEE83008CF76D /* Build configuration list for PBXNativeTarget "map demo" */ = {
			isa = XCConfigurationList;
			buildConfigurations = (
				566668941B4EEE83008CF76D /* Debug */,
				566668951B4EEE83008CF76D /* Release */,
			);
			defaultConfigurationIsVisible = 0;
		};
		566668961B4EEE83008CF76D /* Build configuration list for PBXNativeTarget "map demoTests" */ = {
			isa = XCConfigurationList;
			buildConfigurations = (
				566668971B4EEE83008CF76D /* Debug */,
				566668981B4EEE83008CF76D /* Release */,
			);
			defaultConfigurationIsVisible = 0;
		};
/* End XCConfigurationList section */
	};
	rootObject = 5666686C1B4EEE82008CF76D /* Project object */;
}
